{
  "requires": true,
  "lockfileVersion": 1,
  "dependencies": {
    "cool-emoji-picker": {
      "version": "2.0.4",
      "resolved": "https://registry.npmjs.org/cool-emoji-picker/-/cool-emoji-picker-2.0.4.tgz",
      "integrity": "sha512-/nhKULFnqeWWNlA9GNrHD7h+bTfZQ5kqfXH/Qme0IBi7I4IBIDqNNvnFivzw2GlpT0C3X2ZhfMnydvBJH2nWGw==",
      "requires": {
        "twemoji": "^11.2.0",
        "vue-dragscroll": "^1.8.1",
        "vue-popperjs": "^1.6.1"
      }
    },
    "popper.js": {
      "version": "1.14.6",
      "resolved": "https://registry.npmjs.org/popper.js/-/popper.js-1.14.6.tgz",
      "integrity": "sha512-AGwHGQBKumlk/MDfrSOf0JHhJCImdDMcGNoqKmKkU+68GFazv3CQ6q9r7Ja1sKDZmYWTckY/uLyEznheTDycnA=="
    },
    "twemoji": {
      "version": "11.2.0",
      "resolved": "https://registry.npmjs.org/twemoji/-/twemoji-11.2.0.tgz",
      "integrity": "sha512-DgTadXkRHugun6mjUf1k3ni04WC4jHOX1bN5MjuCM3nwRyIMdXIr8FmWzW5mEIZjht5jD3NaEyXC4j3POdQwyQ=="
    },
    "vue-dragscroll": {
      "version": "1.8.1",
      "resolved": "https://registry.npmjs.org/vue-dragscroll/-/vue-dragscroll-1.8.1.tgz",
      "integrity": "sha512-dZFhNDKFiYs8v+IUpO8IO7HKkmhVNvTTpUUDCGot+8M6C9EUG9CBb9tilA7Uv7f1KBSYRUV/gC8bMvUlIHtv3Q=="
    },
    "vue-popperjs": {
      "version": "1.6.3",
      "resolved": "https://registry.npmjs.org/vue-popperjs/-/vue-popperjs-1.6.3.tgz",
      "integrity": "sha512-D0k/PxsDoCQxYykTh26t//6Uw5hk5Yl3BDlZj2nHqB2AyD0NjKCceLbuBRlPh+O59CXYJLSW2p5QveepLwkUvg==",
      "requires": {
        "popper.js": "^1.14.3"
      }
    }
  }
}
